// !$*UTF8*$!
{
	archiveVersion = 1;
	classes = {
	};
	objectVersion = 55;
	objects = {

/* Begin PBXBuildFile section */
		7175A2677C46B9CE883FB630 /* Pods_ListaFilmes.framework in Frameworks */ = {isa = PBXBuildFile; fileRef = 2BAF496774058020581055DE /* Pods_ListaFilmes.framework */; };
		FE0A91AA27BBD26D003C60F8 /* FilmesView.swift in Sources */ = {isa = PBXBuildFile; fileRef = FE0A91A927BBD26D003C60F8 /* FilmesView.swift */; };
		FE0A91AC27BBD28B003C60F8 /* DescubraView.swift in Sources */ = {isa = PBXBuildFile; fileRef = FE0A91AB27BBD28B003C60F8 /* DescubraView.swift */; };
		FE0A91AE27BBD5F1003C60F8 /* Filme.swift in Sources */ = {isa = PBXBuildFile; fileRef = FE0A91AD27BBD5F1003C60F8 /* Filme.swift */; };
		FE0A91B027BBE1FF003C60F8 /* Cast.swift in Sources */ = {isa = PBXBuildFile; fileRef = FE0A91AF27BBE1FF003C60F8 /* Cast.swift */; };
		FE0A91B227BBE2E1003C60F8 /* Review.swift in Sources */ = {isa = PBXBuildFile; fileRef = FE0A91B127BBE2E1003C60F8 /* Review.swift */; };
		FE0A91B427BBE4F5003C60F8 /* NetworkManager.swift in Sources */ = {isa = PBXBuildFile; fileRef = FE0A91B327BBE4F5003C60F8 /* NetworkManager.swift */; };
		FE0A91B627BC0B26003C60F8 /* API.swift in Sources */ = {isa = PBXBuildFile; fileRef = FE0A91B527BC0B26003C60F8 /* API.swift */; };
		FE0A91B827BC0B7F003C60F8 /* MovieURL.swift in Sources */ = {isa = PBXBuildFile; fileRef = FE0A91B727BC0B7F003C60F8 /* MovieURL.swift */; };
		FE0A91BA27BC0EDD003C60F8 /* MovieDownloadManager.swift in Sources */ = {isa = PBXBuildFile; fileRef = FE0A91B927BC0EDD003C60F8 /* MovieDownloadManager.swift */; };
		FE0A91BC27BC16BB003C60F8 /* MovieReviewsManager.swift in Sources */ = {isa = PBXBuildFile; fileRef = FE0A91BB27BC16BB003C60F8 /* MovieReviewsManager.swift */; };
		FE0A91BE27BC1890003C60F8 /* ImageLoader.swift in Sources */ = {isa = PBXBuildFile; fileRef = FE0A91BD27BC1890003C60F8 /* ImageLoader.swift */; };
		FE0A91C027BC192E003C60F8 /* ImageCache.swift in Sources */ = {isa = PBXBuildFile; fileRef = FE0A91BF27BC192E003C60F8 /* ImageCache.swift */; };
		FE0A91C227BC22F2003C60F8 /* EnvironmentValues+ImageCache.swift in Sources */ = {isa = PBXBuildFile; fileRef = FE0A91C127BC22F2003C60F8 /* EnvironmentValues+ImageCache.swift */; };
		FE0A91C427BC23CC003C60F8 /* AsyncImage.swift in Sources */ = {isa = PBXBuildFile; fileRef = FE0A91C327BC23CC003C60F8 /* AsyncImage.swift */; };
		FE6A86D727BD85BC00864299 /* MovieCell.swift in Sources */ = {isa = PBXBuildFile; fileRef = FE6A86D627BD85BC00864299 /* MovieCell.swift */; };
		FE991CBE27BAD1ED00DFFBA1 /* ListaFilmesApp.swift in Sources */ = {isa = PBXBuildFile; fileRef = FE991CBD27BAD1ED00DFFBA1 /* ListaFilmesApp.swift */; };
		FE991CC027BAD1ED00DFFBA1 /* ContentView.swift in Sources */ = {isa = PBXBuildFile; fileRef = FE991CBF27BAD1ED00DFFBA1 /* ContentView.swift */; };
		FE991CC227BAD1EF00DFFBA1 /* Assets.xcassets in Resources */ = {isa = PBXBuildFile; fileRef = FE991CC127BAD1EF00DFFBA1 /* Assets.xcassets */; };
		FE991CC527BAD1EF00DFFBA1 /* Preview Assets.xcassets in Resources */ = {isa = PBXBuildFile; fileRef = FE991CC427BAD1EF00DFFBA1 /* Preview Assets.xcassets */; };
		FE991CD027BAD30100DFFBA1 /* HomeTableView.swift in Sources */ = {isa = PBXBuildFile; fileRef = FE991CCF27BAD30100DFFBA1 /* HomeTableView.swift */; };
		FE991CD227BAD5B100DFFBA1 /* DefinicoesView.swift in Sources */ = {isa = PBXBuildFile; fileRef = FE991CD127BAD5B100DFFBA1 /* DefinicoesView.swift */; };
/* End PBXBuildFile section */

/* Begin PBXFileReference section */
		2BAF496774058020581055DE /* Pods_ListaFilmes.framework */ = {isa = PBXFileReference; explicitFileType = wrapper.framework; includeInIndex = 0; path = Pods_ListaFilmes.framework; sourceTree = BUILT_PRODUCTS_DIR; };
		478EAC15D44509BFCE955045 /* Pods-ListaFilmes.debug.xcconfig */ = {isa = PBXFileReference; includeInIndex = 1; lastKnownFileType = text.xcconfig; name = "Pods-ListaFilmes.debug.xcconfig"; path = "Target Support Files/Pods-ListaFilmes/Pods-ListaFilmes.debug.xcconfig"; sourceTree = "<group>"; };
		491487D170C4AE754055C3F0 /* Pods-ListaFilmes.release.xcconfig */ = {isa = PBXFileReference; includeInIndex = 1; lastKnownFileType = text.xcconfig; name = "Pods-ListaFilmes.release.xcconfig"; path = "Target Support Files/Pods-ListaFilmes/Pods-ListaFilmes.release.xcconfig"; sourceTree = "<group>"; };
		FE0A91A927BBD26D003C60F8 /* FilmesView.swift */ = {isa = PBXFileReference; lastKnownFileType = sourcecode.swift; path = FilmesView.swift; sourceTree = "<group>"; };
		FE0A91AB27BBD28B003C60F8 /* DescubraView.swift */ = {isa = PBXFileReference; lastKnownFileType = sourcecode.swift; path = DescubraView.swift; sourceTree = "<group>"; };
		FE0A91AD27BBD5F1003C60F8 /* Filme.swift */ = {isa = PBXFileReference; lastKnownFileType = sourcecode.swift; path = Filme.swift; sourceTree = "<group>"; };
		FE0A91AF27BBE1FF003C60F8 /* Cast.swift */ = {isa = PBXFileReference; lastKnownFileType = sourcecode.swift; path = Cast.swift; sourceTree = "<group>"; };
		FE0A91B127BBE2E1003C60F8 /* Review.swift */ = {isa = PBXFileReference; lastKnownFileType = sourcecode.swift; path = Review.swift; sourceTree = "<group>"; };
		FE0A91B327BBE4F5003C60F8 /* NetworkManager.swift */ = {isa = PBXFileReference; lastKnownFileType = sourcecode.swift; path = NetworkManager.swift; sourceTree = "<group>"; };
		FE0A91B527BC0B26003C60F8 /* API.swift */ = {isa = PBXFileReference; lastKnownFileType = sourcecode.swift; path = API.swift; sourceTree = "<group>"; };
		FE0A91B727BC0B7F003C60F8 /* MovieURL.swift */ = {isa = PBXFileReference; lastKnownFileType = sourcecode.swift; path = MovieURL.swift; sourceTree = "<group>"; };
		FE0A91B927BC0EDD003C60F8 /* MovieDownloadManager.swift */ = {isa = PBXFileReference; lastKnownFileType = sourcecode.swift; path = MovieDownloadManager.swift; sourceTree = "<group>"; };
		FE0A91BB27BC16BB003C60F8 /* MovieReviewsManager.swift */ = {isa = PBXFileReference; lastKnownFileType = sourcecode.swift; path = MovieReviewsManager.swift; sourceTree = "<group>"; };
		FE0A91BD27BC1890003C60F8 /* ImageLoader.swift */ = {isa = PBXFileReference; lastKnownFileType = sourcecode.swift; path = ImageLoader.swift; sourceTree = "<group>"; };
		FE0A91BF27BC192E003C60F8 /* ImageCache.swift */ = {isa = PBXFileReference; lastKnownFileType = sourcecode.swift; path = ImageCache.swift; sourceTree = "<group>"; };
		FE0A91C127BC22F2003C60F8 /* EnvironmentValues+ImageCache.swift */ = {isa = PBXFileReference; lastKnownFileType = sourcecode.swift; path = "EnvironmentValues+ImageCache.swift"; sourceTree = "<group>"; };
		FE0A91C327BC23CC003C60F8 /* AsyncImage.swift */ = {isa = PBXFileReference; lastKnownFileType = sourcecode.swift; path = AsyncImage.swift; sourceTree = "<group>"; };
		FE6A86D627BD85BC00864299 /* MovieCell.swift */ = {isa = PBXFileReference; lastKnownFileType = sourcecode.swift; path = MovieCell.swift; sourceTree = "<group>"; };
		FE991CBA27BAD1ED00DFFBA1 /* ListaFilmes.app */ = {isa = PBXFileReference; explicitFileType = wrapper.application; includeInIndex = 0; path = ListaFilmes.app; sourceTree = BUILT_PRODUCTS_DIR; };
		FE991CBD27BAD1ED00DFFBA1 /* ListaFilmesApp.swift */ = {isa = PBXFileReference; lastKnownFileType = sourcecode.swift; path = ListaFilmesApp.swift; sourceTree = "<group>"; };
		FE991CBF27BAD1ED00DFFBA1 /* ContentView.swift */ = {isa = PBXFileReference; lastKnownFileType = sourcecode.swift; path = ContentView.swift; sourceTree = "<group>"; };
		FE991CC127BAD1EF00DFFBA1 /* Assets.xcassets */ = {isa = PBXFileReference; lastKnownFileType = folder.assetcatalog; path = Assets.xcassets; sourceTree = "<group>"; };
		FE991CC427BAD1EF00DFFBA1 /* Preview Assets.xcassets */ = {isa = PBXFileReference; lastKnownFileType = folder.assetcatalog; path = "Preview Assets.xcassets"; sourceTree = "<group>"; };
		FE991CCF27BAD30100DFFBA1 /* HomeTableView.swift */ = {isa = PBXFileReference; lastKnownFileType = sourcecode.swift; path = HomeTableView.swift; sourceTree = "<group>"; };
		FE991CD127BAD5B100DFFBA1 /* DefinicoesView.swift */ = {isa = PBXFileReference; lastKnownFileType = sourcecode.swift; path = DefinicoesView.swift; sourceTree = "<group>"; };
/* End PBXFileReference section */

/* Begin PBXFrameworksBuildPhase section */
		FE991CB727BAD1ED00DFFBA1 /* Frameworks */ = {
			isa = PBXFrameworksBuildPhase;
			buildActionMask = 2147483647;
			files = (
				7175A2677C46B9CE883FB630 /* Pods_ListaFilmes.framework in Frameworks */,
			);
			runOnlyForDeploymentPostprocessing = 0;
		};
/* End PBXFrameworksBuildPhase section */

/* Begin PBXGroup section */
		CD5FD85B66945A640176FD7D /* Pods */ = {
			isa = PBXGroup;
			children = (
				478EAC15D44509BFCE955045 /* Pods-ListaFilmes.debug.xcconfig */,
				491487D170C4AE754055C3F0 /* Pods-ListaFilmes.release.xcconfig */,
			);
			path = Pods;
			sourceTree = "<group>";
		};
		D549CDD5F387631DF0760A15 /* Frameworks */ = {
			isa = PBXGroup;
			children = (
				2BAF496774058020581055DE /* Pods_ListaFilmes.framework */,
			);
			name = Frameworks;
			sourceTree = "<group>";
		};
		FE991CB127BAD1ED00DFFBA1 = {
			isa = PBXGroup;
			children = (
				FE991CBC27BAD1ED00DFFBA1 /* ListaFilmes */,
				FE991CBB27BAD1ED00DFFBA1 /* Products */,
				CD5FD85B66945A640176FD7D /* Pods */,
				D549CDD5F387631DF0760A15 /* Frameworks */,
			);
			sourceTree = "<group>";
		};
		FE991CBB27BAD1ED00DFFBA1 /* Products */ = {
			isa = PBXGroup;
			children = (
				FE991CBA27BAD1ED00DFFBA1 /* ListaFilmes.app */,
			);
			name = Products;
			sourceTree = "<group>";
		};
		FE991CBC27BAD1ED00DFFBA1 /* ListaFilmes */ = {
			isa = PBXGroup;
			children = (
				FE991CCE27BAD29900DFFBA1 /* Views */,
				FE991CCD27BAD28F00DFFBA1 /* Models */,
				FE991CCC27BAD25E00DFFBA1 /* Networking */,
				FE991CCB27BAD24800DFFBA1 /* AsyncImage */,
				FE991CBD27BAD1ED00DFFBA1 /* ListaFilmesApp.swift */,
				FE991CBF27BAD1ED00DFFBA1 /* ContentView.swift */,
				FE991CC127BAD1EF00DFFBA1 /* Assets.xcassets */,
				FE991CC327BAD1EF00DFFBA1 /* Preview Content */,
			);
			path = ListaFilmes;
			sourceTree = "<group>";
		};
		FE991CC327BAD1EF00DFFBA1 /* Preview Content */ = {
			isa = PBXGroup;
			children = (
				FE991CC427BAD1EF00DFFBA1 /* Preview Assets.xcassets */,
			);
			path = "Preview Content";
			sourceTree = "<group>";
		};
		FE991CCB27BAD24800DFFBA1 /* AsyncImage */ = {
			isa = PBXGroup;
			children = (
				FE0A91BD27BC1890003C60F8 /* ImageLoader.swift */,
				FE0A91BF27BC192E003C60F8 /* ImageCache.swift */,
				FE0A91C127BC22F2003C60F8 /* EnvironmentValues+ImageCache.swift */,
				FE0A91C327BC23CC003C60F8 /* AsyncImage.swift */,
			);
			path = AsyncImage;
			sourceTree = "<group>";
		};
		FE991CCC27BAD25E00DFFBA1 /* Networking */ = {
			isa = PBXGroup;
			children = (
				FE0A91B327BBE4F5003C60F8 /* NetworkManager.swift */,
				FE0A91B527BC0B26003C60F8 /* API.swift */,
				FE0A91B727BC0B7F003C60F8 /* MovieURL.swift */,
				FE0A91B927BC0EDD003C60F8 /* MovieDownloadManager.swift */,
				FE0A91BB27BC16BB003C60F8 /* MovieReviewsManager.swift */,
			);
			path = Networking;
			sourceTree = "<group>";
		};
		FE991CCD27BAD28F00DFFBA1 /* Models */ = {
			isa = PBXGroup;
			children = (
				FE0A91AD27BBD5F1003C60F8 /* Filme.swift */,
				FE0A91AF27BBE1FF003C60F8 /* Cast.swift */,
				FE0A91B127BBE2E1003C60F8 /* Review.swift */,
			);
			path = Models;
			sourceTree = "<group>";
		};
		FE991CCE27BAD29900DFFBA1 /* Views */ = {
			isa = PBXGroup;
			children = (
				FE991CCF27BAD30100DFFBA1 /* HomeTableView.swift */,
				FE991CD127BAD5B100DFFBA1 /* DefinicoesView.swift */,
				FE0A91A927BBD26D003C60F8 /* FilmesView.swift */,
				FE0A91AB27BBD28B003C60F8 /* DescubraView.swift */,
				FE6A86D627BD85BC00864299 /* MovieCell.swift */,
			);
			path = Views;
			sourceTree = "<group>";
		};
/* End PBXGroup section */

/* Begin PBXNativeTarget section */
		FE991CB927BAD1ED00DFFBA1 /* ListaFilmes */ = {
			isa = PBXNativeTarget;
			buildConfigurationList = FE991CC827BAD1EF00DFFBA1 /* Build configuration list for PBXNativeTarget "ListaFilmes" */;
			buildPhases = (
				8DE6F2FFD041EAAC41288792 /* [CP] Check Pods Manifest.lock */,
				FE991CB627BAD1ED00DFFBA1 /* Sources */,
				FE991CB727BAD1ED00DFFBA1 /* Frameworks */,
				FE991CB827BAD1ED00DFFBA1 /* Resources */,
				AE09C7F3520FF18F89BC1902 /* [CP] Embed Pods Frameworks */,
			);
			buildRules = (
			);
			dependencies = (
			);
			name = ListaFilmes;
			productName = ListaFilmes;
			productReference = FE991CBA27BAD1ED00DFFBA1 /* ListaFilmes.app */;
			productType = "com.apple.product-type.application";
		};
/* End PBXNativeTarget section */

/* Begin PBXProject section */
		FE991CB227BAD1ED00DFFBA1 /* Project object */ = {
			isa = PBXProject;
			attributes = {
				BuildIndependentTargetsInParallel = 1;
				LastSwiftUpdateCheck = 1320;
				LastUpgradeCheck = 1320;
				TargetAttributes = {
					FE991CB927BAD1ED00DFFBA1 = {
						CreatedOnToolsVersion = 13.2.1;
					};
				};
			};
			buildConfigurationList = FE991CB527BAD1ED00DFFBA1 /* Build configuration list for PBXProject "ListaFilmes" */;
			compatibilityVersion = "Xcode 13.0";
			developmentRegion = en;
			hasScannedForEncodings = 0;
			knownRegions = (
				en,
				Base,
			);
			mainGroup = FE991CB127BAD1ED00DFFBA1;
			productRefGroup = FE991CBB27BAD1ED00DFFBA1 /* Products */;
			projectDirPath = "";
			projectRoot = "";
			targets = (
				FE991CB927BAD1ED00DFFBA1 /* ListaFilmes */,
			);
		};
/* End PBXProject section */

/* Begin PBXResourcesBuildPhase section */
		FE991CB827BAD1ED00DFFBA1 /* Resources */ = {
			isa = PBXResourcesBuildPhase;
			buildActionMask = 2147483647;
			files = (
				FE991CC527BAD1EF00DFFBA1 /* Preview Assets.xcassets in Resources */,
				FE991CC227BAD1EF00DFFBA1 /* Assets.xcassets in Resources */,
			);
			runOnlyForDeploymentPostprocessing = 0;
		};
/* End PBXResourcesBuildPhase section */

/* Begin PBXShellScriptBuildPhase section */
		8DE6F2FFD041EAAC41288792 /* [CP] Check Pods Manifest.lock */ = {
			isa = PBXShellScriptBuildPhase;
			buildActionMask = 2147483647;
			files = (
			);
			inputFileListPaths = (
			);
			inputPaths = (
				"${PODS_PODFILE_DIR_PATH}/Podfile.lock",
				"${PODS_ROOT}/Manifest.lock",
			);
			name = "[CP] Check Pods Manifest.lock";
			outputFileListPaths = (
			);
			outputPaths = (
				"$(DERIVED_FILE_DIR)/Pods-ListaFilmes-checkManifestLockResult.txt",
			);
			runOnlyForDeploymentPostprocessing = 0;
			shellPath = /bin/sh;
			shellScript = "diff \"${PODS_PODFILE_DIR_PATH}/Podfile.lock\" \"${PODS_ROOT}/Manifest.lock\" > /dev/null\nif [ $? != 0 ] ; then\n    # print error to STDERR\n    echo \"error: The sandbox is not in sync with the Podfile.lock. Run 'pod install' or update your CocoaPods installation.\" >&2\n    exit 1\nfi\n# This output is used by Xcode 'outputs' to avoid re-running this script phase.\necho \"SUCCESS\" > \"${SCRIPT_OUTPUT_FILE_0}\"\n";
			showEnvVarsInLog = 0;
		};
		AE09C7F3520FF18F89BC1902 /* [CP] Embed Pods Frameworks */ = {
			isa = PBXShellScriptBuildPhase;
			buildActionMask = 2147483647;
			files = (
			);
			inputFileListPaths = (
				"${PODS_ROOT}/Target Support Files/Pods-ListaFilmes/Pods-ListaFilmes-frameworks-${CONFIGURATION}-input-files.xcfilelist",
			);
			name = "[CP] Embed Pods Frameworks";
			outputFileListPaths = (
				"${PODS_ROOT}/Target Support Files/Pods-ListaFilmes/Pods-ListaFilmes-frameworks-${CONFIGURATION}-output-files.xcfilelist",
			);
			runOnlyForDeploymentPostprocessing = 0;
			shellPath = /bin/sh;
			shellScript = "\"${PODS_ROOT}/Target Support Files/Pods-ListaFilmes/Pods-ListaFilmes-frameworks.sh\"\n";
			showEnvVarsInLog = 0;
		};
/* End PBXShellScriptBuildPhase section */

/* Begin PBXSourcesBuildPhase section */
		FE991CB627BAD1ED00DFFBA1 /* Sources */ = {
			isa = PBXSourcesBuildPhase;
			buildActionMask = 2147483647;
			files = (
				FE0A91B627BC0B26003C60F8 /* API.swift in Sources */,
				FE0A91B027BBE1FF003C60F8 /* Cast.swift in Sources */,
				FE0A91C027BC192E003C60F8 /* ImageCache.swift in Sources */,
				FE0A91BE27BC1890003C60F8 /* ImageLoader.swift in Sources */,
				FE991CD027BAD30100DFFBA1 /* HomeTableView.swift in Sources */,
				FE0A91B427BBE4F5003C60F8 /* NetworkManager.swift in Sources */,
				FE0A91B227BBE2E1003C60F8 /* Review.swift in Sources */,
				FE0A91BA27BC0EDD003C60F8 /* MovieDownloadManager.swift in Sources */,
				FE0A91AC27BBD28B003C60F8 /* DescubraView.swift in Sources */,
				FE991CC027BAD1ED00DFFBA1 /* ContentView.swift in Sources */,
				FE0A91C427BC23CC003C60F8 /* AsyncImage.swift in Sources */,
				FE0A91BC27BC16BB003C60F8 /* MovieReviewsManager.swift in Sources */,
				FE0A91C227BC22F2003C60F8 /* EnvironmentValues+ImageCache.swift in Sources */,
				FE0A91AE27BBD5F1003C60F8 /* Filme.swift in Sources */,
				FE6A86D727BD85BC00864299 /* MovieCell.swift in Sources */,
				FE0A91B827BC0B7F003C60F8 /* MovieURL.swift in Sources */,
				FE991CBE27BAD1ED00DFFBA1 /* ListaFilmesApp.swift in Sources */,
				FE991CD227BAD5B100DFFBA1 /* DefinicoesView.swift in Sources */,
				FE0A91AA27BBD26D003C60F8 /* FilmesView.swift in Sources */,
			);
			runOnlyForDeploymentPostprocessing = 0;
		};
/* End PBXSourcesBuildPhase section */

/* Begin XCBuildConfiguration section */
		FE991CC627BAD1EF00DFFBA1 /* Debug */ = {
			isa = XCBuildConfiguration;
			buildSettings = {
				ALWAYS_SEARCH_USER_PATHS = NO;
				CLANG_ANALYZER_NONNULL = YES;
				CLANG_ANALYZER_NUMBER_OBJECT_CONVERSION = YES_AGGRESSIVE;
				CLANG_CXX_LANGUAGE_STANDARD = "gnu++17";
				CLANG_CXX_LIBRARY = "libc++";
				CLANG_ENABLE_MODULES = YES;
				CLANG_ENABLE_OBJC_ARC = YES;
				CLANG_ENABLE_OBJC_WEAK = YES;
				CLANG_WARN_BLOCK_CAPTURE_AUTORELEASING = YES;
				CLANG_WARN_BOOL_CONVERSION = YES;
				CLANG_WARN_COMMA = YES;
				CLANG_WARN_CONSTANT_CONVERSION = YES;
				CLANG_WARN_DEPRECATED_OBJC_IMPLEMENTATIONS = YES;
				CLANG_WARN_DIRECT_OBJC_ISA_USAGE = YES_ERROR;
				CLANG_WARN_DOCUMENTATION_COMMENTS = YES;
				CLANG_WARN_EMPTY_BODY = YES;
				CLANG_WARN_ENUM_CONVERSION = YES;
				CLANG_WARN_INFINITE_RECURSION = YES;
				CLANG_WARN_INT_CONVERSION = YES;
				CLANG_WARN_NON_LITERAL_NULL_CONVERSION = YES;
				CLANG_WARN_OBJC_IMPLICIT_RETAIN_SELF = YES;
				CLANG_WARN_OBJC_LITERAL_CONVERSION = YES;
				CLANG_WARN_OBJC_ROOT_CLASS = YES_ERROR;
				CLANG_WARN_QUOTED_INCLUDE_IN_FRAMEWORK_HEADER = YES;
				CLANG_WARN_RANGE_LOOP_ANALYSIS = YES;
				CLANG_WARN_STRICT_PROTOTYPES = YES;
				CLANG_WARN_SUSPICIOUS_MOVE = YES;
				CLANG_WARN_UNGUARDED_AVAILABILITY = YES_AGGRESSIVE;
				CLANG_WARN_UNREACHABLE_CODE = YES;
				CLANG_WARN__DUPLICATE_METHOD_MATCH = YES;
				COPY_PHASE_STRIP = NO;
				DEBUG_INFORMATION_FORMAT = dwarf;
				ENABLE_STRICT_OBJC_MSGSEND = YES;
				ENABLE_TESTABILITY = YES;
				GCC_C_LANGUAGE_STANDARD = gnu11;
				GCC_DYNAMIC_NO_PIC = NO;
				GCC_NO_COMMON_BLOCKS = YES;
				GCC_OPTIMIZATION_LEVEL = 0;
				GCC_PREPROCESSOR_DEFINITIONS = (
					"DEBUG=1",
					"$(inherited)",
				);
				GCC_WARN_64_TO_32_BIT_CONVERSION = YES;
				GCC_WARN_ABOUT_RETURN_TYPE = YES_ERROR;
				GCC_WARN_UNDECLARED_SELECTOR = YES;
				GCC_WARN_UNINITIALIZED_AUTOS = YES_AGGRESSIVE;
				GCC_WARN_UNUSED_FUNCTION = YES;
				GCC_WARN_UNUSED_VARIABLE = YES;
				IPHONEOS_DEPLOYMENT_TARGET = 15.2;
				MTL_ENABLE_DEBUG_INFO = INCLUDE_SOURCE;
				MTL_FAST_MATH = YES;
				ONLY_ACTIVE_ARCH = YES;
				SDKROOT = iphoneos;
				SWIFT_ACTIVE_COMPILATION_CONDITIONS = DEBUG;
				SWIFT_OPTIMIZATION_LEVEL = "-Onone";
			};
			name = Debug;
		};
		FE991CC727BAD1EF00DFFBA1 /* Release */ = {
			isa = XCBuildConfiguration;
			buildSettings = {
				ALWAYS_SEARCH_USER_PATHS = NO;
				CLANG_ANALYZER_NONNULL = YES;
				CLANG_ANALYZER_NUMBER_OBJECT_CONVERSION = YES_AGGRESSIVE;
				CLANG_CXX_LANGUAGE_STANDARD = "gnu++17";
				CLANG_CXX_LIBRARY = "libc++";
				CLANG_ENABLE_MODULES = YES;
				CLANG_ENABLE_OBJC_ARC = YES;
				CLANG_ENABLE_OBJC_WEAK = YES;
				CLANG_WARN_BLOCK_CAPTURE_AUTORELEASING = YES;
				CLANG_WARN_BOOL_CONVERSION = YES;
				CLANG_WARN_COMMA = YES;
				CLANG_WARN_CONSTANT_CONVERSION = YES;
				CLANG_WARN_DEPRECATED_OBJC_IMPLEMENTATIONS = YES;
				CLANG_WARN_DIRECT_OBJC_ISA_USAGE = YES_ERROR;
				CLANG_WARN_DOCUMENTATION_COMMENTS = YES;
				CLANG_WARN_EMPTY_BODY = YES;
				CLANG_WARN_ENUM_CONVERSION = YES;
				CLANG_WARN_INFINITE_RECURSION = YES;
				CLANG_WARN_INT_CONVERSION = YES;
				CLANG_WARN_NON_LITERAL_NULL_CONVERSION = YES;
				CLANG_WARN_OBJC_IMPLICIT_RETAIN_SELF = YES;
				CLANG_WARN_OBJC_LITERAL_CONVERSION = YES;
				CLANG_WARN_OBJC_ROOT_CLASS = YES_ERROR;
				CLANG_WARN_QUOTED_INCLUDE_IN_FRAMEWORK_HEADER = YES;
				CLANG_WARN_RANGE_LOOP_ANALYSIS = YES;
				CLANG_WARN_STRICT_PROTOTYPES = YES;
				CLANG_WARN_SUSPICIOUS_MOVE = YES;
				CLANG_WARN_UNGUARDED_AVAILABILITY = YES_AGGRESSIVE;
				CLANG_WARN_UNREACHABLE_CODE = YES;
				CLANG_WARN__DUPLICATE_METHOD_MATCH = YES;
				COPY_PHASE_STRIP = NO;
				DEBUG_INFORMATION_FORMAT = "dwarf-with-dsym";
				ENABLE_NS_ASSERTIONS = NO;
				ENABLE_STRICT_OBJC_MSGSEND = YES;
				GCC_C_LANGUAGE_STANDARD = gnu11;
				GCC_NO_COMMON_BLOCKS = YES;
				GCC_WARN_64_TO_32_BIT_CONVERSION = YES;
				GCC_WARN_ABOUT_RETURN_TYPE = YES_ERROR;
				GCC_WARN_UNDECLARED_SELECTOR = YES;
				GCC_WARN_UNINITIALIZED_AUTOS = YES_AGGRESSIVE;
				GCC_WARN_UNUSED_FUNCTION = YES;
				GCC_WARN_UNUSED_VARIABLE = YES;
				IPHONEOS_DEPLOYMENT_TARGET = 15.2;
				MTL_ENABLE_DEBUG_INFO = NO;
				MTL_FAST_MATH = YES;
				SDKROOT = iphoneos;
				SWIFT_COMPILATION_MODE = wholemodule;
				SWIFT_OPTIMIZATION_LEVEL = "-O";
				VALIDATE_PRODUCT = YES;
			};
			name = Release;
		};
		FE991CC927BAD1EF00DFFBA1 /* Debug */ = {
			isa = XCBuildConfiguration;
			baseConfigurationReference = 478EAC15D44509BFCE955045 /* Pods-ListaFilmes.debug.xcconfig */;
			buildSettings = {
				ASSETCATALOG_COMPILER_APPICON_NAME = AppIcon;
				ASSETCATALOG_COMPILER_GLOBAL_ACCENT_COLOR_NAME = AccentColor;
				CODE_SIGN_STYLE = Automatic;
				CURRENT_PROJECT_VERSION = 1;
				DEVELOPMENT_ASSET_PATHS = "\"ListaFilmes/Preview Content\"";
				ENABLE_PREVIEWS = YES;
				GENERATE_INFOPLIST_FILE = YES;
				INFOPLIST_KEY_UIApplicationSceneManifest_Generation = YES;
				INFOPLIST_KEY_UIApplicationSupportsIndirectInputEvents = YES;
				INFOPLIST_KEY_UILaunchScreen_Generation = YES;
				INFOPLIST_KEY_UISupportedInterfaceOrientations_iPad = "UIInterfaceOrientationPortrait UIInterfaceOrientationPortraitUpsideDown UIInterfaceOrientationLandscapeLeft UIInterfaceOrientationLandscapeRight";
				INFOPLIST_KEY_UISupportedInterfaceOrientations_iPhone = "UIInterfaceOrientationPortrait UIInterfaceOrientationLandscapeLeft UIInterfaceOrientationLandscapeRight";
				LD_RUNPATH_SEARCH_PATHS = (
					"$(inherited)",
					"@executable_path/Frameworks",
				);
				MARKETING_VERSION = 1.0;
				PRODUCT_BUNDLE_IDENTIFIER = br.com.ListaFilmes;
				PRODUCT_NAME = "$(TARGET_NAME)";
				SWIFT_EMIT_LOC_STRINGS = YES;
				SWIFT_VERSION = 5.0;
				TARGETED_DEVICE_FAMILY = "1,2";
			};
			name = Debug;
		};
		FE991CCA27BAD1EF00DFFBA1 /* Release */ = {
			isa = XCBuildConfiguration;
			baseConfigurationReference = 491487D170C4AE754055C3F0 /* Pods-ListaFilmes.release.xcconfig */;
			buildSettings = {
				ASSETCATALOG_COMPILER_APPICON_NAME = AppIcon;
				ASSETCATALOG_COMPILER_GLOBAL_ACCENT_COLOR_NAME = AccentColor;
				CODE_SIGN_STYLE = Automatic;
				CURRENT_PROJECT_VERSION = 1;
				DEVELOPMENT_ASSET_PATHS = "\"ListaFilmes/Preview Content\"";
				ENABLE_PREVIEWS = YES;
				GENERATE_INFOPLIST_FILE = YES;
				INFOPLIST_KEY_UIApplicationSceneManifest_Generation = YES;
				INFOPLIST_KEY_UIApplicationSupportsIndirectInputEvents = YES;
				INFOPLIST_KEY_UILaunchScreen_Generation = YES;
				INFOPLIST_KEY_UISupportedInterfaceOrientations_iPad = "UIInterfaceOrientationPortrait UIInterfaceOrientationPortraitUpsideDown UIInterfaceOrientationLandscapeLeft UIInterfaceOrientationLandscapeRight";
				INFOPLIST_KEY_UISupportedInterfaceOrientations_iPhone = "UIInterfaceOrientationPortrait UIInterfaceOrientationLandscapeLeft UIInterfaceOrientationLandscapeRight";
				LD_RUNPATH_SEARCH_PATHS = (
					"$(inherited)",
					"@executable_path/Frameworks",
				);
				MARKETING_VERSION = 1.0;
				PRODUCT_BUNDLE_IDENTIFIER = br.com.ListaFilmes;
				PRODUCT_NAME = "$(TARGET_NAME)";
				SWIFT_EMIT_LOC_STRINGS = YES;
				SWIFT_VERSION = 5.0;
				TARGETED_DEVICE_FAMILY = "1,2";
			};
			name = Release;
		};
/* End XCBuildConfiguration section */

/* Begin XCConfigurationList section */
		FE991CB527BAD1ED00DFFBA1 /* Build configuration list for PBXProject "ListaFilmes" */ = {
			isa = XCConfigurationList;
			buildConfigurations = (
				FE991CC627BAD1EF00DFFBA1 /* Debug */,
				FE991CC727BAD1EF00DFFBA1 /* Release */,
			);
			defaultConfigurationIsVisible = 0;
			defaultConfigurationName = Release;
		};
		FE991CC827BAD1EF00DFFBA1 /* Build configuration list for PBXNativeTarget "ListaFilmes" */ = {
			isa = XCConfigurationList;
			buildConfigurations = (
				FE991CC927BAD1EF00DFFBA1 /* Debug */,
				FE991CCA27BAD1EF00DFFBA1 /* Release */,
			);
			defaultConfigurationIsVisible = 0;
			defaultConfigurationName = Release;
		};
/* End XCConfigurationList section */
	};
	rootObject = FE991CB227BAD1ED00DFFBA1 /* Project object */;
}
