// !$*UTF8*$!
{
	archiveVersion = 1;
	classes = {
	};
	objectVersion = 55;
	objects = {

/* Begin PBXBuildFile section */
		FE991CBE27BAD1ED00DFFBA1 /* ListaFilmesApp.swift in Sources */ = {isa = PBXBuildFile; fileRef = FE991CBD27BAD1ED00DFFBA1 /* ListaFilmesApp.swift */; };
		FE991CC027BAD1ED00DFFBA1 /* ContentView.swift in Sources */ = {isa = PBXBuildFile; fileRef = FE991CBF27BAD1ED00DFFBA1 /* ContentView.swift */; };
		FE991CC227BAD1EF00DFFBA1 /* Assets.xcassets in Resources */ = {isa = PBXBuildFile; fileRef = FE991CC127BAD1EF00DFFBA1 /* Assets.xcassets */; };
		FE991CC527BAD1EF00DFFBA1 /* Preview Assets.xcassets in Resources */ = {isa = PBXBuildFile; fileRef = FE991CC427BAD1EF00DFFBA1 /* Preview Assets.xcassets */; };
		FE991CD027BAD30100DFFBA1 /* HomeTableView.swift in Sources */ = {isa = PBXBuildFile; fileRef = FE991CCF27BAD30100DFFBA1 /* HomeTableView.swift */; };
		FE991CD227BAD5B100DFFBA1 /* DefinicoesView.swift in Sources */ = {isa = PBXBuildFile; fileRef = FE991CD127BAD5B100DFFBA1 /* DefinicoesView.swift */; };
/* End PBXBuildFile section */

/* Begin PBXFileReference section */
		FE991CBA27BAD1ED00DFFBA1 /* ListaFilmes.app */ = {isa = PBXFileReference; explicitFileType = wrapper.application; includeInIndex = 0; path = ListaFilmes.app; sourceTree = BUILT_PRODUCTS_DIR; };
		FE991CBD27BAD1ED00DFFBA1 /* ListaFilmesApp.swift */ = {isa = PBXFileReference; lastKnownFileType = sourcecode.swift; path = ListaFilmesApp.swift; sourceTree = "<group>"; };
		FE991CBF27BAD1ED00DFFBA1 /* ContentView.swift */ = {isa = PBXFileReference; lastKnownFileType = sourcecode.swift; path = ContentView.swift; sourceTree = "<group>"; };
		FE991CC127BAD1EF00DFFBA1 /* Assets.xcassets */ = {isa = PBXFileReference; lastKnownFileType = folder.assetcatalog; path = Assets.xcassets; sourceTree = "<group>"; };
		FE991CC427BAD1EF00DFFBA1 /* Preview Assets.xcassets */ = {isa = PBXFileReference; lastKnownFileType = folder.assetcatalog; path = "Preview Assets.xcassets"; sourceTree = "<group>"; };
		FE991CCF27BAD30100DFFBA1 /* HomeTableView.swift */ = {isa = PBXFileReference; lastKnownFileType = sourcecode.swift; path = HomeTableView.swift; sourceTree = "<group>"; };
		FE991CD127BAD5B100DFFBA1 /* DefinicoesView.swift */ = {isa = PBXFileReference; lastKnownFileType = sourcecode.swift; path = DefinicoesView.swift; sourceTree = "<group>"; };
/* End PBXFileReference section */

/* Begin PBXFrameworksBuildPhase section */
		FE991CB727BAD1ED00DFFBA1 /* Frameworks */ = {
			isa = PBXFrameworksBuildPhase;
			buildActionMask = 2147483647;
			files = (
			);
			runOnlyForDeploymentPostprocessing = 0;
		};
/* End PBXFrameworksBuildPhase section */

/* Begin PBXGroup section */
		FE991CB127BAD1ED00DFFBA1 = {
			isa = PBXGroup;
			children = (
				FE991CBC27BAD1ED00DFFBA1 /* ListaFilmes */,
				FE991CBB27BAD1ED00DFFBA1 /* Products */,
			);
			sourceTree = "<group>";
		};
		FE991CBB27BAD1ED00DFFBA1 /* Products */ = {
			isa = PBXGroup;
			children = (
				FE991CBA27BAD1ED00DFFBA1 /* ListaFilmes.app */,
			);
			name = Products;
			sourceTree = "<group>";
		};
		FE991CBC27BAD1ED00DFFBA1 /* ListaFilmes */ = {
			isa = PBXGroup;
			children = (
				FE991CCE27BAD29900DFFBA1 /* Views */,
				FE991CCD27BAD28F00DFFBA1 /* Models */,
				FE991CCC27BAD25E00DFFBA1 /* Networking */,
				FE991CCB27BAD24800DFFBA1 /* AsyncImage */,
				FE991CBD27BAD1ED00DFFBA1 /* ListaFilmesApp.swift */,
				FE991CBF27BAD1ED00DFFBA1 /* ContentView.swift */,
				FE991CC127BAD1EF00DFFBA1 /* Assets.xcassets */,
				FE991CC327BAD1EF00DFFBA1 /* Preview Content */,
			);
			path = ListaFilmes;
			sourceTree = "<group>";
		};
		FE991CC327BAD1EF00DFFBA1 /* Preview Content */ = {
			isa = PBXGroup;
			children = (
				FE991CC427BAD1EF00DFFBA1 /* Preview Assets.xcassets */,
			);
			path = "Preview Content";
			sourceTree = "<group>";
		};
		FE991CCB27BAD24800DFFBA1 /* AsyncImage */ = {
			isa = PBXGroup;
			children = (
			);
			path = AsyncImage;
			sourceTree = "<group>";
		};
		FE991CCC27BAD25E00DFFBA1 /* Networking */ = {
			isa = PBXGroup;
			children = (
			);
			path = Networking;
			sourceTree = "<group>";
		};
		FE991CCD27BAD28F00DFFBA1 /* Models */ = {
			isa = PBXGroup;
			children = (
			);
			path = Models;
			sourceTree = "<group>";
		};
		FE991CCE27BAD29900DFFBA1 /* Views */ = {
			isa = PBXGroup;
			children = (
				FE991CCF27BAD30100DFFBA1 /* HomeTableView.swift */,
				FE991CD127BAD5B100DFFBA1 /* DefinicoesView.swift */,
			);
			path = Views;
			sourceTree = "<group>";
		};
/* End PBXGroup section */

/* Begin PBXNativeTarget section */
		FE991CB927BAD1ED00DFFBA1 /* ListaFilmes */ = {
			isa = PBXNativeTarget;
			buildConfigurationList = FE991CC827BAD1EF00DFFBA1 /* Build configuration list for PBXNativeTarget "ListaFilmes" */;
			buildPhases = (
				FE991CB627BAD1ED00DFFBA1 /* Sources */,
				FE991CB727BAD1ED00DFFBA1 /* Frameworks */,
				FE991CB827BAD1ED00DFFBA1 /* Resources */,
			);
			buildRules = (
			);
			dependencies = (
			);
			name = ListaFilmes;
			productName = ListaFilmes;
			productReference = FE991CBA27BAD1ED00DFFBA1 /* ListaFilmes.app */;
			productType = "com.apple.product-type.application";
		};
/* End PBXNativeTarget section */

/* Begin PBXProject section */
		FE991CB227BAD1ED00DFFBA1 /* Project object */ = {
			isa = PBXProject;
			attributes = {
				BuildIndependentTargetsInParallel = 1;
				LastSwiftUpdateCheck = 1320;
				LastUpgradeCheck = 1320;
				TargetAttributes = {
					FE991CB927BAD1ED00DFFBA1 = {
						CreatedOnToolsVersion = 13.2.1;
					};
				};
			};
			buildConfigurationList = FE991CB527BAD1ED00DFFBA1 /* Build configuration list for PBXProject "ListaFilmes" */;
			compatibilityVersion = "Xcode 13.0";
			developmentRegion = en;
			hasScannedForEncodings = 0;
			knownRegions = (
				en,
				Base,
			);
			mainGroup = FE991CB127BAD1ED00DFFBA1;
			productRefGroup = FE991CBB27BAD1ED00DFFBA1 /* Products */;
			projectDirPath = "";
			projectRoot = "";
			targets = (
				FE991CB927BAD1ED00DFFBA1 /* ListaFilmes */,
			);
		};
/* End PBXProject section */

/* Begin PBXResourcesBuildPhase section */
		FE991CB827BAD1ED00DFFBA1 /* Resources */ = {
			isa = PBXResourcesBuildPhase;
			buildActionMask = 2147483647;
			files = (
				FE991CC527BAD1EF00DFFBA1 /* Preview Assets.xcassets in Resources */,
				FE991CC227BAD1EF00DFFBA1 /* Assets.xcassets in Resources */,
			);
			runOnlyForDeploymentPostprocessing = 0;
		};
/* End PBXResourcesBuildPhase section */

/* Begin PBXSourcesBuildPhase section */
		FE991CB627BAD1ED00DFFBA1 /* Sources */ = {
			isa = PBXSourcesBuildPhase;
			buildActionMask = 2147483647;
			files = (
				FE991CD027BAD30100DFFBA1 /* HomeTableView.swift in Sources */,
				FE991CC027BAD1ED00DFFBA1 /* ContentView.swift in Sources */,
				FE991CBE27BAD1ED00DFFBA1 /* ListaFilmesApp.swift in Sources */,
				FE991CD227BAD5B100DFFBA1 /* DefinicoesView.swift in Sources */,
			);
			runOnlyForDeploymentPostprocessing = 0;
		};
/* End PBXSourcesBuildPhase section */

/* Begin XCBuildConfiguration section */
		FE991CC627BAD1EF00DFFBA1 /* Debug */ = {
			isa = XCBuildConfiguration;
			buildSettings = {
				ALWAYS_SEARCH_USER_PATHS = NO;
				CLANG_ANALYZER_NONNULL = YES;
				CLANG_ANALYZER_NUMBER_OBJECT_CONVERSION = YES_AGGRESSIVE;
				CLANG_CXX_LANGUAGE_STANDARD = "gnu++17";
				CLANG_CXX_LIBRARY = "libc++";
				CLANG_ENABLE_MODULES = YES;
				CLANG_ENABLE_OBJC_ARC = YES;
				CLANG_ENABLE_OBJC_WEAK = YES;
				CLANG_WARN_BLOCK_CAPTURE_AUTORELEASING = YES;
				CLANG_WARN_BOOL_CONVERSION = YES;
				CLANG_WARN_COMMA = YES;
				CLANG_WARN_CONSTANT_CONVERSION = YES;
				CLANG_WARN_DEPRECATED_OBJC_IMPLEMENTATIONS = YES;
				CLANG_WARN_DIRECT_OBJC_ISA_USAGE = YES_ERROR;
				CLANG_WARN_DOCUMENTATION_COMMENTS = YES;
				CLANG_WARN_EMPTY_BODY = YES;
				CLANG_WARN_ENUM_CONVERSION = YES;
				CLANG_WARN_INFINITE_RECURSION = YES;
				CLANG_WARN_INT_CONVERSION = YES;
				CLANG_WARN_NON_LITERAL_NULL_CONVERSION = YES;
				CLANG_WARN_OBJC_IMPLICIT_RETAIN_SELF = YES;
				CLANG_WARN_OBJC_LITERAL_CONVERSION = YES;
				CLANG_WARN_OBJC_ROOT_CLASS = YES_ERROR;
				CLANG_WARN_QUOTED_INCLUDE_IN_FRAMEWORK_HEADER = YES;
				CLANG_WARN_RANGE_LOOP_ANALYSIS = YES;
				CLANG_WARN_STRICT_PROTOTYPES = YES;
				CLANG_WARN_SUSPICIOUS_MOVE = YES;
				CLANG_WARN_UNGUARDED_AVAILABILITY = YES_AGGRESSIVE;
				CLANG_WARN_UNREACHABLE_CODE = YES;
				CLANG_WARN__DUPLICATE_METHOD_MATCH = YES;
				COPY_PHASE_STRIP = NO;
				DEBUG_INFORMATION_FORMAT = dwarf;
				ENABLE_STRICT_OBJC_MSGSEND = YES;
				ENABLE_TESTABILITY = YES;
				GCC_C_LANGUAGE_STANDARD = gnu11;
				GCC_DYNAMIC_NO_PIC = NO;
				GCC_NO_COMMON_BLOCKS = YES;
				GCC_OPTIMIZATION_LEVEL = 0;
				GCC_PREPROCESSOR_DEFINITIONS = (
					"DEBUG=1",
					"$(inherited)",
				);
				GCC_WARN_64_TO_32_BIT_CONVERSION = YES;
				GCC_WARN_ABOUT_RETURN_TYPE = YES_ERROR;
				GCC_WARN_UNDECLARED_SELECTOR = YES;
				GCC_WARN_UNINITIALIZED_AUTOS = YES_AGGRESSIVE;
				GCC_WARN_UNUSED_FUNCTION = YES;
				GCC_WARN_UNUSED_VARIABLE = YES;
				IPHONEOS_DEPLOYMENT_TARGET = 15.2;
				MTL_ENABLE_DEBUG_INFO = INCLUDE_SOURCE;
				MTL_FAST_MATH = YES;
				ONLY_ACTIVE_ARCH = YES;
				SDKROOT = iphoneos;
				SWIFT_ACTIVE_COMPILATION_CONDITIONS = DEBUG;
				SWIFT_OPTIMIZATION_LEVEL = "-Onone";
			};
			name = Debug;
		};
		FE991CC727BAD1EF00DFFBA1 /* Release */ = {
			isa = XCBuildConfiguration;
			buildSettings = {
				ALWAYS_SEARCH_USER_PATHS = NO;
				CLANG_ANALYZER_NONNULL = YES;
				CLANG_ANALYZER_NUMBER_OBJECT_CONVERSION = YES_AGGRESSIVE;
				CLANG_CXX_LANGUAGE_STANDARD = "gnu++17";
				CLANG_CXX_LIBRARY = "libc++";
				CLANG_ENABLE_MODULES = YES;
				CLANG_ENABLE_OBJC_ARC = YES;
				CLANG_ENABLE_OBJC_WEAK = YES;
				CLANG_WARN_BLOCK_CAPTURE_AUTORELEASING = YES;
				CLANG_WARN_BOOL_CONVERSION = YES;
				CLANG_WARN_COMMA = YES;
				CLANG_WARN_CONSTANT_CONVERSION = YES;
				CLANG_WARN_DEPRECATED_OBJC_IMPLEMENTATIONS = YES;
				CLANG_WARN_DIRECT_OBJC_ISA_USAGE = YES_ERROR;
				CLANG_WARN_DOCUMENTATION_COMMENTS = YES;
				CLANG_WARN_EMPTY_BODY = YES;
				CLANG_WARN_ENUM_CONVERSION = YES;
				CLANG_WARN_INFINITE_RECURSION = YES;
				CLANG_WARN_INT_CONVERSION = YES;
				CLANG_WARN_NON_LITERAL_NULL_CONVERSION = YES;
				CLANG_WARN_OBJC_IMPLICIT_RETAIN_SELF = YES;
				CLANG_WARN_OBJC_LITERAL_CONVERSION = YES;
				CLANG_WARN_OBJC_ROOT_CLASS = YES_ERROR;
				CLANG_WARN_QUOTED_INCLUDE_IN_FRAMEWORK_HEADER = YES;
				CLANG_WARN_RANGE_LOOP_ANALYSIS = YES;
				CLANG_WARN_STRICT_PROTOTYPES = YES;
				CLANG_WARN_SUSPICIOUS_MOVE = YES;
				CLANG_WARN_UNGUARDED_AVAILABILITY = YES_AGGRESSIVE;
				CLANG_WARN_UNREACHABLE_CODE = YES;
				CLANG_WARN__DUPLICATE_METHOD_MATCH = YES;
				COPY_PHASE_STRIP = NO;
				DEBUG_INFORMATION_FORMAT = "dwarf-with-dsym";
				ENABLE_NS_ASSERTIONS = NO;
				ENABLE_STRICT_OBJC_MSGSEND = YES;
				GCC_C_LANGUAGE_STANDARD = gnu11;
				GCC_NO_COMMON_BLOCKS = YES;
				GCC_WARN_64_TO_32_BIT_CONVERSION = YES;
				GCC_WARN_ABOUT_RETURN_TYPE = YES_ERROR;
				GCC_WARN_UNDECLARED_SELECTOR = YES;
				GCC_WARN_UNINITIALIZED_AUTOS = YES_AGGRESSIVE;
				GCC_WARN_UNUSED_FUNCTION = YES;
				GCC_WARN_UNUSED_VARIABLE = YES;
				IPHONEOS_DEPLOYMENT_TARGET = 15.2;
				MTL_ENABLE_DEBUG_INFO = NO;
				MTL_FAST_MATH = YES;
				SDKROOT = iphoneos;
				SWIFT_COMPILATION_MODE = wholemodule;
				SWIFT_OPTIMIZATION_LEVEL = "-O";
				VALIDATE_PRODUCT = YES;
			};
			name = Release;
		};
		FE991CC927BAD1EF00DFFBA1 /* Debug */ = {
			isa = XCBuildConfiguration;
			buildSettings = {
				ASSETCATALOG_COMPILER_APPICON_NAME = AppIcon;
				ASSETCATALOG_COMPILER_GLOBAL_ACCENT_COLOR_NAME = AccentColor;
				CODE_SIGN_STYLE = Automatic;
				CURRENT_PROJECT_VERSION = 1;
				DEVELOPMENT_ASSET_PATHS = "\"ListaFilmes/Preview Content\"";
				ENABLE_PREVIEWS = YES;
				GENERATE_INFOPLIST_FILE = YES;
				INFOPLIST_KEY_UIApplicationSceneManifest_Generation = YES;
				INFOPLIST_KEY_UIApplicationSupportsIndirectInputEvents = YES;
				INFOPLIST_KEY_UILaunchScreen_Generation = YES;
				INFOPLIST_KEY_UISupportedInterfaceOrientations_iPad = "UIInterfaceOrientationPortrait UIInterfaceOrientationPortraitUpsideDown UIInterfaceOrientationLandscapeLeft UIInterfaceOrientationLandscapeRight";
				INFOPLIST_KEY_UISupportedInterfaceOrientations_iPhone = "UIInterfaceOrientationPortrait UIInterfaceOrientationLandscapeLeft UIInterfaceOrientationLandscapeRight";
				LD_RUNPATH_SEARCH_PATHS = (
					"$(inherited)",
					"@executable_path/Frameworks",
				);
				MARKETING_VERSION = 1.0;
				PRODUCT_BUNDLE_IDENTIFIER = br.com.ListaFilmes;
				PRODUCT_NAME = "$(TARGET_NAME)";
				SWIFT_EMIT_LOC_STRINGS = YES;
				SWIFT_VERSION = 5.0;
				TARGETED_DEVICE_FAMILY = "1,2";
			};
			name = Debug;
		};
		FE991CCA27BAD1EF00DFFBA1 /* Release */ = {
			isa = XCBuildConfiguration;
			buildSettings = {
				ASSETCATALOG_COMPILER_APPICON_NAME = AppIcon;
				ASSETCATALOG_COMPILER_GLOBAL_ACCENT_COLOR_NAME = AccentColor;
				CODE_SIGN_STYLE = Automatic;
				CURRENT_PROJECT_VERSION = 1;
				DEVELOPMENT_ASSET_PATHS = "\"ListaFilmes/Preview Content\"";
				ENABLE_PREVIEWS = YES;
				GENERATE_INFOPLIST_FILE = YES;
				INFOPLIST_KEY_UIApplicationSceneManifest_Generation = YES;
				INFOPLIST_KEY_UIApplicationSupportsIndirectInputEvents = YES;
				INFOPLIST_KEY_UILaunchScreen_Generation = YES;
				INFOPLIST_KEY_UISupportedInterfaceOrientations_iPad = "UIInterfaceOrientationPortrait UIInterfaceOrientationPortraitUpsideDown UIInterfaceOrientationLandscapeLeft UIInterfaceOrientationLandscapeRight";
				INFOPLIST_KEY_UISupportedInterfaceOrientations_iPhone = "UIInterfaceOrientationPortrait UIInterfaceOrientationLandscapeLeft UIInterfaceOrientationLandscapeRight";
				LD_RUNPATH_SEARCH_PATHS = (
					"$(inherited)",
					"@executable_path/Frameworks",
				);
				MARKETING_VERSION = 1.0;
				PRODUCT_BUNDLE_IDENTIFIER = br.com.ListaFilmes;
				PRODUCT_NAME = "$(TARGET_NAME)";
				SWIFT_EMIT_LOC_STRINGS = YES;
				SWIFT_VERSION = 5.0;
				TARGETED_DEVICE_FAMILY = "1,2";
			};
			name = Release;
		};
/* End XCBuildConfiguration section */

/* Begin XCConfigurationList section */
		FE991CB527BAD1ED00DFFBA1 /* Build configuration list for PBXProject "ListaFilmes" */ = {
			isa = XCConfigurationList;
			buildConfigurations = (
				FE991CC627BAD1EF00DFFBA1 /* Debug */,
				FE991CC727BAD1EF00DFFBA1 /* Release */,
			);
			defaultConfigurationIsVisible = 0;
			defaultConfigurationName = Release;
		};
		FE991CC827BAD1EF00DFFBA1 /* Build configuration list for PBXNativeTarget "ListaFilmes" */ = {
			isa = XCConfigurationList;
			buildConfigurations = (
				FE991CC927BAD1EF00DFFBA1 /* Debug */,
				FE991CCA27BAD1EF00DFFBA1 /* Release */,
			);
			defaultConfigurationIsVisible = 0;
			defaultConfigurationName = Release;
		};
/* End XCConfigurationList section */
	};
	rootObject = FE991CB227BAD1ED00DFFBA1 /* Project object */;
}
